
Microsoft Visual Studio Solution File, Format Version 12.00
# Visual Studio 15
VisualStudioVersion = 15.0.26228.4
MinimumVisualStudioVersion = 10.0.40219.1
Project("{FAE04EC0-301F-11D3-BF4B-00C04F79EFBC}") = "ConStrServer.API", "ConStrServer.API\ConStrServer.API.csproj", "{588D52C9-D0FD-407C-8C3D-834D7D55AD92}"
EndProject
Project("{FAE04EC0-301F-11D3-BF4B-00C04F79EFBC}") = "ConStrServer.Models", "ClassLibrary1\ConStrServer.Models.csproj", "{606C4C72-128E-4FD5-8322-F9124DB75E51}"
EndProject
Project("{FAE04EC0-301F-11D3-BF4B-00C04F79EFBC}") = "ConStrServer.Data", "ClassLibrary2\ConStrServer.Data.csproj", "{0B684FE8-915F-4304-A9A9-5951630FDD56}"
EndProject
Project("{FAE04EC0-301F-11D3-BF4B-00C04F79EFBC}") = "ConStrServer.Business", "ConStrServer.Business\ConStrServer.Business.csproj", "{CF7BF147-D035-4409-8810-B0BD928F2479}"
EndProject
Global
	GlobalSection(SolutionConfigurationPlatforms) = preSolution
		Debug|Any CPU = Debug|Any CPU
		Release|Any CPU = Release|Any CPU
	EndGlobalSection
	GlobalSection(ProjectConfigurationPlatforms) = postSolution
		{588D52C9-D0FD-407C-8C3D-834D7D55AD92}.Debug|Any CPU.ActiveCfg = Debug|Any CPU
		{588D52C9-D0FD-407C-8C3D-834D7D55AD92}.Debug|Any CPU.Build.0 = Debug|Any CPU
		{588D52C9-D0FD-407C-8C3D-834D7D55AD92}.Release|Any CPU.ActiveCfg = Release|Any CPU
		{588D52C9-D0FD-407C-8C3D-834D7D55AD92}.Release|Any CPU.Build.0 = Release|Any CPU
		{606C4C72-128E-4FD5-8322-F9124DB75E51}.Debug|Any CPU.ActiveCfg = Debug|Any CPU
		{606C4C72-128E-4FD5-8322-F9124DB75E51}.Debug|Any CPU.Build.0 = Debug|Any CPU
		{606C4C72-128E-4FD5-8322-F9124DB75E51}.Release|Any CPU.ActiveCfg = Release|Any CPU
		{606C4C72-128E-4FD5-8322-F9124DB75E51}.Release|Any CPU.Build.0 = Release|Any CPU
		{0B684FE8-915F-4304-A9A9-5951630FDD56}.Debug|Any CPU.ActiveCfg = Debug|Any CPU
		{0B684FE8-915F-4304-A9A9-5951630FDD56}.Debug|Any CPU.Build.0 = Debug|Any CPU
		{0B684FE8-915F-4304-A9A9-5951630FDD56}.Release|Any CPU.ActiveCfg = Release|Any CPU
		{0B684FE8-915F-4304-A9A9-5951630FDD56}.Release|Any CPU.Build.0 = Release|Any CPU
		{CF7BF147-D035-4409-8810-B0BD928F2479}.Debug|Any CPU.ActiveCfg = Debug|Any CPU
		{CF7BF147-D035-4409-8810-B0BD928F2479}.Debug|Any CPU.Build.0 = Debug|Any CPU
		{CF7BF147-D035-4409-8810-B0BD928F2479}.Release|Any CPU.ActiveCfg = Release|Any CPU
		{CF7BF147-D035-4409-8810-B0BD928F2479}.Release|Any CPU.Build.0 = Release|Any CPU
	EndGlobalSection
	GlobalSection(SolutionProperties) = preSolution
		HideSolutionNode = FALSE
	EndGlobalSection
EndGlobal
